{
  "name": "dom-kravchenko",
  "lockfileVersion": 2,
  "requires": true,
  "packages": {
    "": {
      "dependencies": {
        "npm-kit-toggle": "^1.0.0"
      }
    },
    "node_modules/npm-kit-toggle": {
      "version": "1.0.0",
      "resolved": "https://registry.npmjs.org/npm-kit-toggle/-/npm-kit-toggle-1.0.0.tgz",
      "integrity": "sha512-uxx9wVoZip8rR4Uvu0bLpuc2pcF9eQvlncPyEcjB6qHTw3v1QLYBi/Af3Cpg77qfuUVXRo5hWjpB48yWgw+Aug=="
    }
  },
  "dependencies": {
    "npm-kit-toggle": {
      "version": "1.0.0",
      "resolved": "https://registry.npmjs.org/npm-kit-toggle/-/npm-kit-toggle-1.0.0.tgz",
      "integrity": "sha512-uxx9wVoZip8rR4Uvu0bLpuc2pcF9eQvlncPyEcjB6qHTw3v1QLYBi/Af3Cpg77qfuUVXRo5hWjpB48yWgw+Aug=="
    }
  }
}
